// !$*UTF8*$!
{
	archiveVersion = 1;
	classes = {
	};
	objectVersion = 56;
	objects = {

/* Begin PBXBuildFile section */
		04A3F7A92C42986200C9C11B /* FamLink_Chat_AppApp.swift in Sources */ = {isa = PBXBuildFile; fileRef = 04A3F7A82C42986200C9C11B /* FamLink_Chat_AppApp.swift */; };
		04A3F7AD2C42986300C9C11B /* Assets.xcassets in Resources */ = {isa = PBXBuildFile; fileRef = 04A3F7AC2C42986300C9C11B /* Assets.xcassets */; };
		04A3F7B02C42986300C9C11B /* Preview Assets.xcassets in Resources */ = {isa = PBXBuildFile; fileRef = 04A3F7AF2C42986300C9C11B /* Preview Assets.xcassets */; };
		04A3F7B82C429AE400C9C11B /* FirebaseAuth in Frameworks */ = {isa = PBXBuildFile; productRef = 04A3F7B72C429AE400C9C11B /* FirebaseAuth */; };
		04A3F7BA2C429AE400C9C11B /* FirebaseFirestore in Frameworks */ = {isa = PBXBuildFile; productRef = 04A3F7B92C429AE400C9C11B /* FirebaseFirestore */; };
		04A3F7BC2C429AE400C9C11B /* FirebaseFirestoreSwift in Frameworks */ = {isa = PBXBuildFile; productRef = 04A3F7BB2C429AE400C9C11B /* FirebaseFirestoreSwift */; };
		04A3F7BE2C429AE400C9C11B /* FirebaseStorage in Frameworks */ = {isa = PBXBuildFile; productRef = 04A3F7BD2C429AE400C9C11B /* FirebaseStorage */; };
		04A3F7C12C429AFA00C9C11B /* SDWebImageSwiftUI in Frameworks */ = {isa = PBXBuildFile; productRef = 04A3F7C02C429AFA00C9C11B /* SDWebImageSwiftUI */; };
		04A3F7C62C429D7D00C9C11B /* ImagePicker.swift in Sources */ = {isa = PBXBuildFile; fileRef = 04A3F7C52C429D7D00C9C11B /* ImagePicker.swift */; };
		04A3F7C82C429E2F00C9C11B /* ChatUser.swift in Sources */ = {isa = PBXBuildFile; fileRef = 04A3F7C72C429E2F00C9C11B /* ChatUser.swift */; };
		04A3F7CA2C429E5F00C9C11B /* RecentMessage.swift in Sources */ = {isa = PBXBuildFile; fileRef = 04A3F7C92C429E5F00C9C11B /* RecentMessage.swift */; };
		04A3F7CC2C429EAA00C9C11B /* ChatMessage.swift in Sources */ = {isa = PBXBuildFile; fileRef = 04A3F7CB2C429EAA00C9C11B /* ChatMessage.swift */; };
		04A3F7CE2C429F0900C9C11B /* FirebaseManager.swift in Sources */ = {isa = PBXBuildFile; fileRef = 04A3F7CD2C429F0900C9C11B /* FirebaseManager.swift */; };
		04A3F7D02C429F4600C9C11B /* FirebaseConstants.swift in Sources */ = {isa = PBXBuildFile; fileRef = 04A3F7CF2C429F4600C9C11B /* FirebaseConstants.swift */; };
		04A3F7D22C429FC600C9C11B /* MainMessages.swift in Sources */ = {isa = PBXBuildFile; fileRef = 04A3F7D12C429FC600C9C11B /* MainMessages.swift */; };
		04A3F7D52C42A01400C9C11B /* ChatLogView.swift in Sources */ = {isa = PBXBuildFile; fileRef = 04A3F7D42C42A01400C9C11B /* ChatLogView.swift */; };
		04A3F7D82C42A06500C9C11B /* CreateNewMessageView.swift in Sources */ = {isa = PBXBuildFile; fileRef = 04A3F7D72C42A06500C9C11B /* CreateNewMessageView.swift */; };
		04A3F7DA2C42A0D800C9C11B /* LogInView.swift in Sources */ = {isa = PBXBuildFile; fileRef = 04A3F7D92C42A0D800C9C11B /* LogInView.swift */; };
/* End PBXBuildFile section */

/* Begin PBXFileReference section */
		04A3F7A52C42986200C9C11B /* FamLink_Chat_App.app */ = {isa = PBXFileReference; explicitFileType = wrapper.application; includeInIndex = 0; path = FamLink_Chat_App.app; sourceTree = BUILT_PRODUCTS_DIR; };
		04A3F7A82C42986200C9C11B /* FamLink_Chat_AppApp.swift */ = {isa = PBXFileReference; lastKnownFileType = sourcecode.swift; path = FamLink_Chat_AppApp.swift; sourceTree = "<group>"; };
		04A3F7AC2C42986300C9C11B /* Assets.xcassets */ = {isa = PBXFileReference; lastKnownFileType = folder.assetcatalog; path = Assets.xcassets; sourceTree = "<group>"; };
		04A3F7AF2C42986300C9C11B /* Preview Assets.xcassets */ = {isa = PBXFileReference; lastKnownFileType = folder.assetcatalog; path = "Preview Assets.xcassets"; sourceTree = "<group>"; };
		04A3F7C52C429D7D00C9C11B /* ImagePicker.swift */ = {isa = PBXFileReference; lastKnownFileType = sourcecode.swift; path = ImagePicker.swift; sourceTree = "<group>"; };
		04A3F7C72C429E2F00C9C11B /* ChatUser.swift */ = {isa = PBXFileReference; lastKnownFileType = sourcecode.swift; path = ChatUser.swift; sourceTree = "<group>"; };
		04A3F7C92C429E5F00C9C11B /* RecentMessage.swift */ = {isa = PBXFileReference; lastKnownFileType = sourcecode.swift; path = RecentMessage.swift; sourceTree = "<group>"; };
		04A3F7CB2C429EAA00C9C11B /* ChatMessage.swift */ = {isa = PBXFileReference; lastKnownFileType = sourcecode.swift; path = ChatMessage.swift; sourceTree = "<group>"; };
		04A3F7CD2C429F0900C9C11B /* FirebaseManager.swift */ = {isa = PBXFileReference; lastKnownFileType = sourcecode.swift; path = FirebaseManager.swift; sourceTree = "<group>"; };
		04A3F7CF2C429F4600C9C11B /* FirebaseConstants.swift */ = {isa = PBXFileReference; lastKnownFileType = sourcecode.swift; path = FirebaseConstants.swift; sourceTree = "<group>"; };
		04A3F7D12C429FC600C9C11B /* MainMessages.swift */ = {isa = PBXFileReference; lastKnownFileType = sourcecode.swift; path = MainMessages.swift; sourceTree = "<group>"; };
		04A3F7D42C42A01400C9C11B /* ChatLogView.swift */ = {isa = PBXFileReference; lastKnownFileType = sourcecode.swift; path = ChatLogView.swift; sourceTree = "<group>"; };
		04A3F7D72C42A06500C9C11B /* CreateNewMessageView.swift */ = {isa = PBXFileReference; lastKnownFileType = sourcecode.swift; path = CreateNewMessageView.swift; sourceTree = "<group>"; };
		04A3F7D92C42A0D800C9C11B /* LogInView.swift */ = {isa = PBXFileReference; lastKnownFileType = sourcecode.swift; path = LogInView.swift; sourceTree = "<group>"; };
/* End PBXFileReference section */

/* Begin PBXFrameworksBuildPhase section */
		04A3F7A22C42986200C9C11B /* Frameworks */ = {
			isa = PBXFrameworksBuildPhase;
			buildActionMask = 2147483647;
			files = (
				04A3F7C12C429AFA00C9C11B /* SDWebImageSwiftUI in Frameworks */,
				04A3F7B82C429AE400C9C11B /* FirebaseAuth in Frameworks */,
				04A3F7BE2C429AE400C9C11B /* FirebaseStorage in Frameworks */,
				04A3F7BA2C429AE400C9C11B /* FirebaseFirestore in Frameworks */,
				04A3F7BC2C429AE400C9C11B /* FirebaseFirestoreSwift in Frameworks */,
			);
			runOnlyForDeploymentPostprocessing = 0;
		};
/* End PBXFrameworksBuildPhase section */

/* Begin PBXGroup section */
		04A3F79C2C42986200C9C11B = {
			isa = PBXGroup;
			children = (
				04A3F7A72C42986200C9C11B /* FamLink_Chat_App */,
				04A3F7A62C42986200C9C11B /* Products */,
			);
			sourceTree = "<group>";
		};
		04A3F7A62C42986200C9C11B /* Products */ = {
			isa = PBXGroup;
			children = (
				04A3F7A52C42986200C9C11B /* FamLink_Chat_App.app */,
			);
			name = Products;
			sourceTree = "<group>";
		};
		04A3F7A72C42986200C9C11B /* FamLink_Chat_App */ = {
			isa = PBXGroup;
			children = (
				04A3F7C42C429C0100C9C11B /* MainMessages */,
				04A3F7C32C429BF100C9C11B /* Utils */,
				04A3F7C22C429BE400C9C11B /* Model */,
				04A3F7A82C42986200C9C11B /* FamLink_Chat_AppApp.swift */,
				04A3F7D92C42A0D800C9C11B /* LogInView.swift */,
				04A3F7C52C429D7D00C9C11B /* ImagePicker.swift */,
				04A3F7AC2C42986300C9C11B /* Assets.xcassets */,
				04A3F7AE2C42986300C9C11B /* Preview Content */,
			);
			path = FamLink_Chat_App;
			sourceTree = "<group>";
		};
		04A3F7AE2C42986300C9C11B /* Preview Content */ = {
			isa = PBXGroup;
			children = (
				04A3F7AF2C42986300C9C11B /* Preview Assets.xcassets */,
			);
			path = "Preview Content";
			sourceTree = "<group>";
		};
		04A3F7C22C429BE400C9C11B /* Model */ = {
			isa = PBXGroup;
			children = (
				04A3F7C72C429E2F00C9C11B /* ChatUser.swift */,
				04A3F7C92C429E5F00C9C11B /* RecentMessage.swift */,
				04A3F7CB2C429EAA00C9C11B /* ChatMessage.swift */,
			);
			path = Model;
			sourceTree = "<group>";
		};
		04A3F7C32C429BF100C9C11B /* Utils */ = {
			isa = PBXGroup;
			children = (
				04A3F7CD2C429F0900C9C11B /* FirebaseManager.swift */,
				04A3F7CF2C429F4600C9C11B /* FirebaseConstants.swift */,
			);
			path = Utils;
			sourceTree = "<group>";
		};
		04A3F7C42C429C0100C9C11B /* MainMessages */ = {
			isa = PBXGroup;
			children = (
				04A3F7D62C42A03D00C9C11B /* NewMessageView */,
				04A3F7D32C429FFB00C9C11B /* Chat */,
				04A3F7D12C429FC600C9C11B /* MainMessages.swift */,
			);
			path = MainMessages;
			sourceTree = "<group>";
		};
		04A3F7D32C429FFB00C9C11B /* Chat */ = {
			isa = PBXGroup;
			children = (
				04A3F7D42C42A01400C9C11B /* ChatLogView.swift */,
			);
			path = Chat;
			sourceTree = "<group>";
		};
		04A3F7D62C42A03D00C9C11B /* NewMessageView */ = {
			isa = PBXGroup;
			children = (
				04A3F7D72C42A06500C9C11B /* CreateNewMessageView.swift */,
			);
			path = NewMessageView;
			sourceTree = "<group>";
		};
/* End PBXGroup section */

/* Begin PBXNativeTarget section */
		04A3F7A42C42986200C9C11B /* FamLink_Chat_App */ = {
			isa = PBXNativeTarget;
			buildConfigurationList = 04A3F7B32C42986300C9C11B /* Build configuration list for PBXNativeTarget "FamLink_Chat_App" */;
			buildPhases = (
				04A3F7A12C42986200C9C11B /* Sources */,
				04A3F7A22C42986200C9C11B /* Frameworks */,
				04A3F7A32C42986200C9C11B /* Resources */,
			);
			buildRules = (
			);
			dependencies = (
			);
			name = FamLink_Chat_App;
			packageProductDependencies = (
				04A3F7B72C429AE400C9C11B /* FirebaseAuth */,
				04A3F7B92C429AE400C9C11B /* FirebaseFirestore */,
				04A3F7BB2C429AE400C9C11B /* FirebaseFirestoreSwift */,
				04A3F7BD2C429AE400C9C11B /* FirebaseStorage */,
				04A3F7C02C429AFA00C9C11B /* SDWebImageSwiftUI */,
			);
			productName = FamLink_Chat_App;
			productReference = 04A3F7A52C42986200C9C11B /* FamLink_Chat_App.app */;
			productType = "com.apple.product-type.application";
		};
/* End PBXNativeTarget section */

/* Begin PBXProject section */
		04A3F79D2C42986200C9C11B /* Project object */ = {
			isa = PBXProject;
			attributes = {
				BuildIndependentTargetsInParallel = 1;
				LastSwiftUpdateCheck = 1540;
				LastUpgradeCheck = 1540;
				TargetAttributes = {
					04A3F7A42C42986200C9C11B = {
						CreatedOnToolsVersion = 15.4;
					};
				};
			};
			buildConfigurationList = 04A3F7A02C42986200C9C11B /* Build configuration list for PBXProject "FamLink_Chat_App" */;
			compatibilityVersion = "Xcode 14.0";
			developmentRegion = en;
			hasScannedForEncodings = 0;
			knownRegions = (
				en,
				Base,
			);
			mainGroup = 04A3F79C2C42986200C9C11B;
			packageReferences = (
				04A3F7B62C429AE400C9C11B /* XCRemoteSwiftPackageReference "firebase-ios-sdk" */,
				04A3F7BF2C429AFA00C9C11B /* XCRemoteSwiftPackageReference "SDWebImageSwiftUI" */,
			);
			productRefGroup = 04A3F7A62C42986200C9C11B /* Products */;
			projectDirPath = "";
			projectRoot = "";
			targets = (
				04A3F7A42C42986200C9C11B /* FamLink_Chat_App */,
			);
		};
/* End PBXProject section */

/* Begin PBXResourcesBuildPhase section */
		04A3F7A32C42986200C9C11B /* Resources */ = {
			isa = PBXResourcesBuildPhase;
			buildActionMask = 2147483647;
			files = (
				04A3F7B02C42986300C9C11B /* Preview Assets.xcassets in Resources */,
				04A3F7AD2C42986300C9C11B /* Assets.xcassets in Resources */,
			);
			runOnlyForDeploymentPostprocessing = 0;
		};
/* End PBXResourcesBuildPhase section */

/* Begin PBXSourcesBuildPhase section */
		04A3F7A12C42986200C9C11B /* Sources */ = {
			isa = PBXSourcesBuildPhase;
			buildActionMask = 2147483647;
			files = (
				04A3F7D02C429F4600C9C11B /* FirebaseConstants.swift in Sources */,
				04A3F7D52C42A01400C9C11B /* ChatLogView.swift in Sources */,
				04A3F7C82C429E2F00C9C11B /* ChatUser.swift in Sources */,
				04A3F7C62C429D7D00C9C11B /* ImagePicker.swift in Sources */,
				04A3F7CE2C429F0900C9C11B /* FirebaseManager.swift in Sources */,
				04A3F7D82C42A06500C9C11B /* CreateNewMessageView.swift in Sources */,
				04A3F7CA2C429E5F00C9C11B /* RecentMessage.swift in Sources */,
				04A3F7CC2C429EAA00C9C11B /* ChatMessage.swift in Sources */,
				04A3F7DA2C42A0D800C9C11B /* LogInView.swift in Sources */,
				04A3F7D22C429FC600C9C11B /* MainMessages.swift in Sources */,
				04A3F7A92C42986200C9C11B /* FamLink_Chat_AppApp.swift in Sources */,
			);
			runOnlyForDeploymentPostprocessing = 0;
		};
/* End PBXSourcesBuildPhase section */

/* Begin XCBuildConfiguration section */
		04A3F7B12C42986300C9C11B /* Debug */ = {
			isa = XCBuildConfiguration;
			buildSettings = {
				ALWAYS_SEARCH_USER_PATHS = NO;
				ASSETCATALOG_COMPILER_GENERATE_SWIFT_ASSET_SYMBOL_EXTENSIONS = YES;
				CLANG_ANALYZER_NONNULL = YES;
				CLANG_ANALYZER_NUMBER_OBJECT_CONVERSION = YES_AGGRESSIVE;
				CLANG_CXX_LANGUAGE_STANDARD = "gnu++20";
				CLANG_ENABLE_MODULES = YES;
				CLANG_ENABLE_OBJC_ARC = YES;
				CLANG_ENABLE_OBJC_WEAK = YES;
				CLANG_WARN_BLOCK_CAPTURE_AUTORELEASING = YES;
				CLANG_WARN_BOOL_CONVERSION = YES;
				CLANG_WARN_COMMA = YES;
				CLANG_WARN_CONSTANT_CONVERSION = YES;
				CLANG_WARN_DEPRECATED_OBJC_IMPLEMENTATIONS = YES;
				CLANG_WARN_DIRECT_OBJC_ISA_USAGE = YES_ERROR;
				CLANG_WARN_DOCUMENTATION_COMMENTS = YES;
				CLANG_WARN_EMPTY_BODY = YES;
				CLANG_WARN_ENUM_CONVERSION = YES;
				CLANG_WARN_INFINITE_RECURSION = YES;
				CLANG_WARN_INT_CONVERSION = YES;
				CLANG_WARN_NON_LITERAL_NULL_CONVERSION = YES;
				CLANG_WARN_OBJC_IMPLICIT_RETAIN_SELF = YES;
				CLANG_WARN_OBJC_LITERAL_CONVERSION = YES;
				CLANG_WARN_OBJC_ROOT_CLASS = YES_ERROR;
				CLANG_WARN_QUOTED_INCLUDE_IN_FRAMEWORK_HEADER = YES;
				CLANG_WARN_RANGE_LOOP_ANALYSIS = YES;
				CLANG_WARN_STRICT_PROTOTYPES = YES;
				CLANG_WARN_SUSPICIOUS_MOVE = YES;
				CLANG_WARN_UNGUARDED_AVAILABILITY = YES_AGGRESSIVE;
				CLANG_WARN_UNREACHABLE_CODE = YES;
				CLANG_WARN__DUPLICATE_METHOD_MATCH = YES;
				COPY_PHASE_STRIP = NO;
				DEBUG_INFORMATION_FORMAT = dwarf;
				ENABLE_STRICT_OBJC_MSGSEND = YES;
				ENABLE_TESTABILITY = YES;
				ENABLE_USER_SCRIPT_SANDBOXING = YES;
				GCC_C_LANGUAGE_STANDARD = gnu17;
				GCC_DYNAMIC_NO_PIC = NO;
				GCC_NO_COMMON_BLOCKS = YES;
				GCC_OPTIMIZATION_LEVEL = 0;
				GCC_PREPROCESSOR_DEFINITIONS = (
					"DEBUG=1",
					"$(inherited)",
				);
				GCC_WARN_64_TO_32_BIT_CONVERSION = YES;
				GCC_WARN_ABOUT_RETURN_TYPE = YES_ERROR;
				GCC_WARN_UNDECLARED_SELECTOR = YES;
				GCC_WARN_UNINITIALIZED_AUTOS = YES_AGGRESSIVE;
				GCC_WARN_UNUSED_FUNCTION = YES;
				GCC_WARN_UNUSED_VARIABLE = YES;
				IPHONEOS_DEPLOYMENT_TARGET = 17.5;
				LOCALIZATION_PREFERS_STRING_CATALOGS = YES;
				MTL_ENABLE_DEBUG_INFO = INCLUDE_SOURCE;
				MTL_FAST_MATH = YES;
				ONLY_ACTIVE_ARCH = YES;
				SDKROOT = iphoneos;
				SWIFT_ACTIVE_COMPILATION_CONDITIONS = "DEBUG $(inherited)";
				SWIFT_OPTIMIZATION_LEVEL = "-Onone";
			};
			name = Debug;
		};
		04A3F7B22C42986300C9C11B /* Release */ = {
			isa = XCBuildConfiguration;
			buildSettings = {
				ALWAYS_SEARCH_USER_PATHS = NO;
				ASSETCATALOG_COMPILER_GENERATE_SWIFT_ASSET_SYMBOL_EXTENSIONS = YES;
				CLANG_ANALYZER_NONNULL = YES;
				CLANG_ANALYZER_NUMBER_OBJECT_CONVERSION = YES_AGGRESSIVE;
				CLANG_CXX_LANGUAGE_STANDARD = "gnu++20";
				CLANG_ENABLE_MODULES = YES;
				CLANG_ENABLE_OBJC_ARC = YES;
				CLANG_ENABLE_OBJC_WEAK = YES;
				CLANG_WARN_BLOCK_CAPTURE_AUTORELEASING = YES;
				CLANG_WARN_BOOL_CONVERSION = YES;
				CLANG_WARN_COMMA = YES;
				CLANG_WARN_CONSTANT_CONVERSION = YES;
				CLANG_WARN_DEPRECATED_OBJC_IMPLEMENTATIONS = YES;
				CLANG_WARN_DIRECT_OBJC_ISA_USAGE = YES_ERROR;
				CLANG_WARN_DOCUMENTATION_COMMENTS = YES;
				CLANG_WARN_EMPTY_BODY = YES;
				CLANG_WARN_ENUM_CONVERSION = YES;
				CLANG_WARN_INFINITE_RECURSION = YES;
				CLANG_WARN_INT_CONVERSION = YES;
				CLANG_WARN_NON_LITERAL_NULL_CONVERSION = YES;
				CLANG_WARN_OBJC_IMPLICIT_RETAIN_SELF = YES;
				CLANG_WARN_OBJC_LITERAL_CONVERSION = YES;
				CLANG_WARN_OBJC_ROOT_CLASS = YES_ERROR;
				CLANG_WARN_QUOTED_INCLUDE_IN_FRAMEWORK_HEADER = YES;
				CLANG_WARN_RANGE_LOOP_ANALYSIS = YES;
				CLANG_WARN_STRICT_PROTOTYPES = YES;
				CLANG_WARN_SUSPICIOUS_MOVE = YES;
				CLANG_WARN_UNGUARDED_AVAILABILITY = YES_AGGRESSIVE;
				CLANG_WARN_UNREACHABLE_CODE = YES;
				CLANG_WARN__DUPLICATE_METHOD_MATCH = YES;
				COPY_PHASE_STRIP = NO;
				DEBUG_INFORMATION_FORMAT = "dwarf-with-dsym";
				ENABLE_NS_ASSERTIONS = NO;
				ENABLE_STRICT_OBJC_MSGSEND = YES;
				ENABLE_USER_SCRIPT_SANDBOXING = YES;
				GCC_C_LANGUAGE_STANDARD = gnu17;
				GCC_NO_COMMON_BLOCKS = YES;
				GCC_WARN_64_TO_32_BIT_CONVERSION = YES;
				GCC_WARN_ABOUT_RETURN_TYPE = YES_ERROR;
				GCC_WARN_UNDECLARED_SELECTOR = YES;
				GCC_WARN_UNINITIALIZED_AUTOS = YES_AGGRESSIVE;
				GCC_WARN_UNUSED_FUNCTION = YES;
				GCC_WARN_UNUSED_VARIABLE = YES;
				IPHONEOS_DEPLOYMENT_TARGET = 17.5;
				LOCALIZATION_PREFERS_STRING_CATALOGS = YES;
				MTL_ENABLE_DEBUG_INFO = NO;
				MTL_FAST_MATH = YES;
				SDKROOT = iphoneos;
				SWIFT_COMPILATION_MODE = wholemodule;
				VALIDATE_PRODUCT = YES;
			};
			name = Release;
		};
		04A3F7B42C42986300C9C11B /* Debug */ = {
			isa = XCBuildConfiguration;
			buildSettings = {
				ASSETCATALOG_COMPILER_APPICON_NAME = AppIcon;
				ASSETCATALOG_COMPILER_GLOBAL_ACCENT_COLOR_NAME = AccentColor;
				CODE_SIGN_STYLE = Automatic;
				CURRENT_PROJECT_VERSION = 1;
				DEVELOPMENT_ASSET_PATHS = "\"FamLink_Chat_App/Preview Content\"";
				ENABLE_PREVIEWS = YES;
				GENERATE_INFOPLIST_FILE = YES;
				INFOPLIST_KEY_UIApplicationSceneManifest_Generation = YES;
				INFOPLIST_KEY_UIApplicationSupportsIndirectInputEvents = YES;
				INFOPLIST_KEY_UILaunchScreen_Generation = YES;
				INFOPLIST_KEY_UISupportedInterfaceOrientations_iPad = "UIInterfaceOrientationPortrait UIInterfaceOrientationPortraitUpsideDown UIInterfaceOrientationLandscapeLeft UIInterfaceOrientationLandscapeRight";
				INFOPLIST_KEY_UISupportedInterfaceOrientations_iPhone = "UIInterfaceOrientationPortrait UIInterfaceOrientationLandscapeLeft UIInterfaceOrientationLandscapeRight";
				LD_RUNPATH_SEARCH_PATHS = (
					"$(inherited)",
					"@executable_path/Frameworks",
				);
				MARKETING_VERSION = 1.0;
				PRODUCT_BUNDLE_IDENTIFIER = "shivansh.FamLink-Chat-App";
				PRODUCT_NAME = "$(TARGET_NAME)";
				SWIFT_EMIT_LOC_STRINGS = YES;
				SWIFT_VERSION = 5.0;
				TARGETED_DEVICE_FAMILY = "1,2";
			};
			name = Debug;
		};
		04A3F7B52C42986300C9C11B /* Release */ = {
			isa = XCBuildConfiguration;
			buildSettings = {
				ASSETCATALOG_COMPILER_APPICON_NAME = AppIcon;
				ASSETCATALOG_COMPILER_GLOBAL_ACCENT_COLOR_NAME = AccentColor;
				CODE_SIGN_STYLE = Automatic;
				CURRENT_PROJECT_VERSION = 1;
				DEVELOPMENT_ASSET_PATHS = "\"FamLink_Chat_App/Preview Content\"";
				ENABLE_PREVIEWS = YES;
				GENERATE_INFOPLIST_FILE = YES;
				INFOPLIST_KEY_UIApplicationSceneManifest_Generation = YES;
				INFOPLIST_KEY_UIApplicationSupportsIndirectInputEvents = YES;
				INFOPLIST_KEY_UILaunchScreen_Generation = YES;
				INFOPLIST_KEY_UISupportedInterfaceOrientations_iPad = "UIInterfaceOrientationPortrait UIInterfaceOrientationPortraitUpsideDown UIInterfaceOrientationLandscapeLeft UIInterfaceOrientationLandscapeRight";
				INFOPLIST_KEY_UISupportedInterfaceOrientations_iPhone = "UIInterfaceOrientationPortrait UIInterfaceOrientationLandscapeLeft UIInterfaceOrientationLandscapeRight";
				LD_RUNPATH_SEARCH_PATHS = (
					"$(inherited)",
					"@executable_path/Frameworks",
				);
				MARKETING_VERSION = 1.0;
				PRODUCT_BUNDLE_IDENTIFIER = "shivansh.FamLink-Chat-App";
				PRODUCT_NAME = "$(TARGET_NAME)";
				SWIFT_EMIT_LOC_STRINGS = YES;
				SWIFT_VERSION = 5.0;
				TARGETED_DEVICE_FAMILY = "1,2";
			};
			name = Release;
		};
/* End XCBuildConfiguration section */

/* Begin XCConfigurationList section */
		04A3F7A02C42986200C9C11B /* Build configuration list for PBXProject "FamLink_Chat_App" */ = {
			isa = XCConfigurationList;
			buildConfigurations = (
				04A3F7B12C42986300C9C11B /* Debug */,
				04A3F7B22C42986300C9C11B /* Release */,
			);
			defaultConfigurationIsVisible = 0;
			defaultConfigurationName = Release;
		};
		04A3F7B32C42986300C9C11B /* Build configuration list for PBXNativeTarget "FamLink_Chat_App" */ = {
			isa = XCConfigurationList;
			buildConfigurations = (
				04A3F7B42C42986300C9C11B /* Debug */,
				04A3F7B52C42986300C9C11B /* Release */,
			);
			defaultConfigurationIsVisible = 0;
			defaultConfigurationName = Release;
		};
/* End XCConfigurationList section */

/* Begin XCRemoteSwiftPackageReference section */
		04A3F7B62C429AE400C9C11B /* XCRemoteSwiftPackageReference "firebase-ios-sdk" */ = {
			isa = XCRemoteSwiftPackageReference;
			repositoryURL = "https://github.com/firebase/firebase-ios-sdk.git";
			requirement = {
				kind = upToNextMajorVersion;
				minimumVersion = 10.29.0;
			};
		};
		04A3F7BF2C429AFA00C9C11B /* XCRemoteSwiftPackageReference "SDWebImageSwiftUI" */ = {
			isa = XCRemoteSwiftPackageReference;
			repositoryURL = "https://github.com/SDWebImage/SDWebImageSwiftUI.git";
			requirement = {
				kind = upToNextMajorVersion;
				minimumVersion = 3.1.1;
			};
		};
/* End XCRemoteSwiftPackageReference section */

/* Begin XCSwiftPackageProductDependency section */
		04A3F7B72C429AE400C9C11B /* FirebaseAuth */ = {
			isa = XCSwiftPackageProductDependency;
			package = 04A3F7B62C429AE400C9C11B /* XCRemoteSwiftPackageReference "firebase-ios-sdk" */;
			productName = FirebaseAuth;
		};
		04A3F7B92C429AE400C9C11B /* FirebaseFirestore */ = {
			isa = XCSwiftPackageProductDependency;
			package = 04A3F7B62C429AE400C9C11B /* XCRemoteSwiftPackageReference "firebase-ios-sdk" */;
			productName = FirebaseFirestore;
		};
		04A3F7BB2C429AE400C9C11B /* FirebaseFirestoreSwift */ = {
			isa = XCSwiftPackageProductDependency;
			package = 04A3F7B62C429AE400C9C11B /* XCRemoteSwiftPackageReference "firebase-ios-sdk" */;
			productName = FirebaseFirestoreSwift;
		};
		04A3F7BD2C429AE400C9C11B /* FirebaseStorage */ = {
			isa = XCSwiftPackageProductDependency;
			package = 04A3F7B62C429AE400C9C11B /* XCRemoteSwiftPackageReference "firebase-ios-sdk" */;
			productName = FirebaseStorage;
		};
		04A3F7C02C429AFA00C9C11B /* SDWebImageSwiftUI */ = {
			isa = XCSwiftPackageProductDependency;
			package = 04A3F7BF2C429AFA00C9C11B /* XCRemoteSwiftPackageReference "SDWebImageSwiftUI" */;
			productName = SDWebImageSwiftUI;
		};
/* End XCSwiftPackageProductDependency section */
	};
	rootObject = 04A3F79D2C42986200C9C11B /* Project object */;
}
